
Microsoft Visual Studio Solution File, Format Version 12.00
# Visual Studio 14
VisualStudioVersion = 14.0.25420.1
MinimumVisualStudioVersion = 10.0.40219.1
Project("{1c832735-7494-4de7-a015-d49143785f03}") = "MoreAspectRatios", "MoreAspectRatios\MoreAspectRatios.csproj", "{7B283633-EDDE-4776-98AC-DD9150A43F61}"
EndProject
Global
	GlobalSection(SolutionConfigurationPlatforms) = preSolution
		Debug|Any CPU = Debug|Any CPU
		Release|Any CPU = Release|Any CPU
	EndGlobalSection
	GlobalSection(ProjectConfigurationPlatforms) = postSolution
		{7B283633-EDDE-4776-98AC-DD9150A43F61}.Debug|Any CPU.ActiveCfg = Debug|Any CPU
		{7B283633-EDDE-4776-98AC-DD9150A43F61}.Debug|Any CPU.Build.0 = Debug|Any CPU
		{7B283633-EDDE-4776-98AC-DD9150A43F61}.Release|Any CPU.ActiveCfg = Release|Any CPU
		{7B283633-EDDE-4776-98AC-DD9150A43F61}.Release|Any CPU.Build.0 = Release|Any CPU
	EndGlobalSection
	GlobalSection(SolutionProperties) = preSolution
		HideSolutionNode = FALSE
	EndGlobalSection
EndGlobal
